
Microsoft Visual Studio Solution File, Format Version 12.00
# Visual Studio Version 17
VisualStudioVersion = 17.7.34202.233
MinimumVisualStudioVersion = 10.0.40219.1
Project("{FAE04EC0-301F-11D3-BF4B-00C04F79EFBC}") = "bank", "bank\bank.csproj", "{661C4648-A0A3-43E4-8574-F048EE5C9502}"
EndProject
Global
	GlobalSection(SolutionConfigurationPlatforms) = preSolution
		Debug|Any CPU = Debug|Any CPU
		Release|Any CPU = Release|Any CPU
	EndGlobalSection
	GlobalSection(ProjectConfigurationPlatforms) = postSolution
		{661C4648-A0A3-43E4-8574-F048EE5C9502}.Debug|Any CPU.ActiveCfg = Debug|Any CPU
		{661C4648-A0A3-43E4-8574-F048EE5C9502}.Debug|Any CPU.Build.0 = Debug|Any CPU
		{661C4648-A0A3-43E4-8574-F048EE5C9502}.Release|Any CPU.ActiveCfg = Release|Any CPU
		{661C4648-A0A3-43E4-8574-F048EE5C9502}.Release|Any CPU.Build.0 = Release|Any CPU
	EndGlobalSection
	GlobalSection(SolutionProperties) = preSolution
		HideSolutionNode = FALSE
	EndGlobalSection
	GlobalSection(ExtensibilityGlobals) = postSolution
		SolutionGuid = {A2463A77-261F-4705-A523-15F1CD370C2F}
	EndGlobalSection
EndGlobal
